
Microsoft Visual Studio Solution File, Format Version 12.00
# Visual Studio 14
VisualStudioVersion = 14.0.25420.1
MinimumVisualStudioVersion = 10.0.40219.1
Project("{888888A0-9F3D-457C-B088-3A5042F75D52}") = "util", "util\util.pyproj", "{D0FCEBBA-8C4E-41CC-BAEF-639CA40D42FC}"
EndProject
Project("{8BC9CEB8-8B4A-11D0-8D11-00A0C91BC942}") = "evaluationcpp", "cpp\evaluationcpp.vcxproj", "{0A2F0DB8-57C5-4380-93D9-E45110DE3719}"
EndProject
Project("{8BC9CEB8-8B4A-11D0-8D11-00A0C91BC942}") = "cpp4caffe", "cpp4caffe\cpp4caffe.vcxproj", "{D9C1D98F-F412-44F6-A819-D1AFB27D31E7}"
EndProject
Global
	GlobalSection(SolutionConfigurationPlatforms) = preSolution
		Debug|Any CPU = Debug|Any CPU
		Debug|Mixed Platforms = Debug|Mixed Platforms
		Debug|Win32 = Debug|Win32
		Debug|x64 = Debug|x64
		Release|Any CPU = Release|Any CPU
		Release|Mixed Platforms = Release|Mixed Platforms
		Release|Win32 = Release|Win32
		Release|x64 = Release|x64
	EndGlobalSection
	GlobalSection(ProjectConfigurationPlatforms) = postSolution
		{D0FCEBBA-8C4E-41CC-BAEF-639CA40D42FC}.Debug|Any CPU.ActiveCfg = Debug|Any CPU
		{D0FCEBBA-8C4E-41CC-BAEF-639CA40D42FC}.Debug|Mixed Platforms.ActiveCfg = Debug|Any CPU
		{D0FCEBBA-8C4E-41CC-BAEF-639CA40D42FC}.Debug|Win32.ActiveCfg = Debug|Any CPU
		{D0FCEBBA-8C4E-41CC-BAEF-639CA40D42FC}.Debug|x64.ActiveCfg = Debug|Any CPU
		{D0FCEBBA-8C4E-41CC-BAEF-639CA40D42FC}.Release|Any CPU.ActiveCfg = Release|Any CPU
		{D0FCEBBA-8C4E-41CC-BAEF-639CA40D42FC}.Release|Mixed Platforms.ActiveCfg = Release|Any CPU
		{D0FCEBBA-8C4E-41CC-BAEF-639CA40D42FC}.Release|Win32.ActiveCfg = Release|Any CPU
		{D0FCEBBA-8C4E-41CC-BAEF-639CA40D42FC}.Release|x64.ActiveCfg = Release|Any CPU
		{0A2F0DB8-57C5-4380-93D9-E45110DE3719}.Debug|Any CPU.ActiveCfg = Debug|Win32
		{0A2F0DB8-57C5-4380-93D9-E45110DE3719}.Debug|Mixed Platforms.ActiveCfg = Debug|Win32
		{0A2F0DB8-57C5-4380-93D9-E45110DE3719}.Debug|Mixed Platforms.Build.0 = Debug|Win32
		{0A2F0DB8-57C5-4380-93D9-E45110DE3719}.Debug|Win32.ActiveCfg = Debug|Win32
		{0A2F0DB8-57C5-4380-93D9-E45110DE3719}.Debug|Win32.Build.0 = Debug|Win32
		{0A2F0DB8-57C5-4380-93D9-E45110DE3719}.Debug|x64.ActiveCfg = Debug|x64
		{0A2F0DB8-57C5-4380-93D9-E45110DE3719}.Debug|x64.Build.0 = Debug|x64
		{0A2F0DB8-57C5-4380-93D9-E45110DE3719}.Release|Any CPU.ActiveCfg = Release|Win32
		{0A2F0DB8-57C5-4380-93D9-E45110DE3719}.Release|Mixed Platforms.ActiveCfg = Release|Win32
		{0A2F0DB8-57C5-4380-93D9-E45110DE3719}.Release|Mixed Platforms.Build.0 = Release|Win32
		{0A2F0DB8-57C5-4380-93D9-E45110DE3719}.Release|Win32.ActiveCfg = Release|Win32
		{0A2F0DB8-57C5-4380-93D9-E45110DE3719}.Release|Win32.Build.0 = Release|Win32
		{0A2F0DB8-57C5-4380-93D9-E45110DE3719}.Release|x64.ActiveCfg = Release|x64
		{0A2F0DB8-57C5-4380-93D9-E45110DE3719}.Release|x64.Build.0 = Release|x64
		{D9C1D98F-F412-44F6-A819-D1AFB27D31E7}.Debug|Any CPU.ActiveCfg = Debug|x64
		{D9C1D98F-F412-44F6-A819-D1AFB27D31E7}.Debug|Mixed Platforms.ActiveCfg = Debug|x64
		{D9C1D98F-F412-44F6-A819-D1AFB27D31E7}.Debug|Mixed Platforms.Build.0 = Debug|x64
		{D9C1D98F-F412-44F6-A819-D1AFB27D31E7}.Debug|Win32.ActiveCfg = Debug|x64
		{D9C1D98F-F412-44F6-A819-D1AFB27D31E7}.Debug|x64.ActiveCfg = Debug|x64
		{D9C1D98F-F412-44F6-A819-D1AFB27D31E7}.Debug|x64.Build.0 = Debug|x64
		{D9C1D98F-F412-44F6-A819-D1AFB27D31E7}.Release|Any CPU.ActiveCfg = Release|x64
		{D9C1D98F-F412-44F6-A819-D1AFB27D31E7}.Release|Mixed Platforms.ActiveCfg = Release|x64
		{D9C1D98F-F412-44F6-A819-D1AFB27D31E7}.Release|Mixed Platforms.Build.0 = Release|x64
		{D9C1D98F-F412-44F6-A819-D1AFB27D31E7}.Release|Win32.ActiveCfg = Release|x64
		{D9C1D98F-F412-44F6-A819-D1AFB27D31E7}.Release|x64.ActiveCfg = Release|x64
		{D9C1D98F-F412-44F6-A819-D1AFB27D31E7}.Release|x64.Build.0 = Release|x64
	EndGlobalSection
	GlobalSection(SolutionProperties) = preSolution
		HideSolutionNode = FALSE
	EndGlobalSection
EndGlobal
